// !$*UTF8*$!
{
	archiveVersion = 1;
	classes = {
	};
	objectVersion = 50;
	objects = {

/* Begin PBXBuildFile section */
		42FBD1B600E590CEBA675EAD /* Pods_SSHProjectTests.framework in Frameworks */ = {isa = PBXBuildFile; fileRef = 77DDE3EAF7250810C08A05C3 /* Pods_SSHProjectTests.framework */; };
		6AA3F49B2268F16D00021CE2 /* AppDelegate.swift in Sources */ = {isa = PBXBuildFile; fileRef = 6AA3F49A2268F16D00021CE2 /* AppDelegate.swift */; };
		6AA3F49D2268F16D00021CE2 /* ViewController.swift in Sources */ = {isa = PBXBuildFile; fileRef = 6AA3F49C2268F16D00021CE2 /* ViewController.swift */; };
		6AA3F4A02268F16D00021CE2 /* Main.storyboard in Resources */ = {isa = PBXBuildFile; fileRef = 6AA3F49E2268F16D00021CE2 /* Main.storyboard */; };
		6AA3F4A22268F16E00021CE2 /* Assets.xcassets in Resources */ = {isa = PBXBuildFile; fileRef = 6AA3F4A12268F16E00021CE2 /* Assets.xcassets */; };
		6AA3F4A52268F16E00021CE2 /* LaunchScreen.storyboard in Resources */ = {isa = PBXBuildFile; fileRef = 6AA3F4A32268F16E00021CE2 /* LaunchScreen.storyboard */; };
		6AA3F4B02268F16F00021CE2 /* SSHProjectTests.swift in Sources */ = {isa = PBXBuildFile; fileRef = 6AA3F4AF2268F16F00021CE2 /* SSHProjectTests.swift */; };
		6AA3F4BB2268F16F00021CE2 /* SSHProjectUITests.swift in Sources */ = {isa = PBXBuildFile; fileRef = 6AA3F4BA2268F16F00021CE2 /* SSHProjectUITests.swift */; };
		B5DFA46ABD7234841A610C98 /* Pods_SSHProject.framework in Frameworks */ = {isa = PBXBuildFile; fileRef = 2FF5CB8F59B4630BE899C6D5 /* Pods_SSHProject.framework */; };
		BBDC9D32F5137AA3A32D4CE0 /* Pods_SSHProjectUITests.framework in Frameworks */ = {isa = PBXBuildFile; fileRef = F05E2D2B7E96C01B1A6BD2D5 /* Pods_SSHProjectUITests.framework */; };
/* End PBXBuildFile section */

/* Begin PBXContainerItemProxy section */
		6AA3F4AC2268F16F00021CE2 /* PBXContainerItemProxy */ = {
			isa = PBXContainerItemProxy;
			containerPortal = 6AA3F48F2268F16D00021CE2 /* Project object */;
			proxyType = 1;
			remoteGlobalIDString = 6AA3F4962268F16D00021CE2;
			remoteInfo = SSHProject;
		};
		6AA3F4B72268F16F00021CE2 /* PBXContainerItemProxy */ = {
			isa = PBXContainerItemProxy;
			containerPortal = 6AA3F48F2268F16D00021CE2 /* Project object */;
			proxyType = 1;
			remoteGlobalIDString = 6AA3F4962268F16D00021CE2;
			remoteInfo = SSHProject;
		};
/* End PBXContainerItemProxy section */

/* Begin PBXFileReference section */
		15332DC91E315851518BD0F5 /* Pods-SSHProjectUITests.release.xcconfig */ = {isa = PBXFileReference; includeInIndex = 1; lastKnownFileType = text.xcconfig; name = "Pods-SSHProjectUITests.release.xcconfig"; path = "Target Support Files/Pods-SSHProjectUITests/Pods-SSHProjectUITests.release.xcconfig"; sourceTree = "<group>"; };
		2FF5CB8F59B4630BE899C6D5 /* Pods_SSHProject.framework */ = {isa = PBXFileReference; explicitFileType = wrapper.framework; includeInIndex = 0; path = Pods_SSHProject.framework; sourceTree = BUILT_PRODUCTS_DIR; };
		44EC1DAC036747FCC3A11B21 /* Pods-SSHProjectTests.release.xcconfig */ = {isa = PBXFileReference; includeInIndex = 1; lastKnownFileType = text.xcconfig; name = "Pods-SSHProjectTests.release.xcconfig"; path = "Target Support Files/Pods-SSHProjectTests/Pods-SSHProjectTests.release.xcconfig"; sourceTree = "<group>"; };
		5576247D4D64A0482C0B39A5 /* Pods-SSHProjectTests.debug.xcconfig */ = {isa = PBXFileReference; includeInIndex = 1; lastKnownFileType = text.xcconfig; name = "Pods-SSHProjectTests.debug.xcconfig"; path = "Target Support Files/Pods-SSHProjectTests/Pods-SSHProjectTests.debug.xcconfig"; sourceTree = "<group>"; };
		6AA3F4972268F16D00021CE2 /* SSHProject.app */ = {isa = PBXFileReference; explicitFileType = wrapper.application; includeInIndex = 0; path = SSHProject.app; sourceTree = BUILT_PRODUCTS_DIR; };
		6AA3F49A2268F16D00021CE2 /* AppDelegate.swift */ = {isa = PBXFileReference; lastKnownFileType = sourcecode.swift; path = AppDelegate.swift; sourceTree = "<group>"; };
		6AA3F49C2268F16D00021CE2 /* ViewController.swift */ = {isa = PBXFileReference; lastKnownFileType = sourcecode.swift; path = ViewController.swift; sourceTree = "<group>"; };
		6AA3F49F2268F16D00021CE2 /* Base */ = {isa = PBXFileReference; lastKnownFileType = file.storyboard; name = Base; path = Base.lproj/Main.storyboard; sourceTree = "<group>"; };
		6AA3F4A12268F16E00021CE2 /* Assets.xcassets */ = {isa = PBXFileReference; lastKnownFileType = folder.assetcatalog; path = Assets.xcassets; sourceTree = "<group>"; };
		6AA3F4A42268F16E00021CE2 /* Base */ = {isa = PBXFileReference; lastKnownFileType = file.storyboard; name = Base; path = Base.lproj/LaunchScreen.storyboard; sourceTree = "<group>"; };
		6AA3F4A62268F16E00021CE2 /* Info.plist */ = {isa = PBXFileReference; lastKnownFileType = text.plist.xml; path = Info.plist; sourceTree = "<group>"; };
		6AA3F4AB2268F16F00021CE2 /* SSHProjectTests.xctest */ = {isa = PBXFileReference; explicitFileType = wrapper.cfbundle; includeInIndex = 0; path = SSHProjectTests.xctest; sourceTree = BUILT_PRODUCTS_DIR; };
		6AA3F4AF2268F16F00021CE2 /* SSHProjectTests.swift */ = {isa = PBXFileReference; lastKnownFileType = sourcecode.swift; path = SSHProjectTests.swift; sourceTree = "<group>"; };
		6AA3F4B12268F16F00021CE2 /* Info.plist */ = {isa = PBXFileReference; lastKnownFileType = text.plist.xml; path = Info.plist; sourceTree = "<group>"; };
		6AA3F4B62268F16F00021CE2 /* SSHProjectUITests.xctest */ = {isa = PBXFileReference; explicitFileType = wrapper.cfbundle; includeInIndex = 0; path = SSHProjectUITests.xctest; sourceTree = BUILT_PRODUCTS_DIR; };
		6AA3F4BA2268F16F00021CE2 /* SSHProjectUITests.swift */ = {isa = PBXFileReference; lastKnownFileType = sourcecode.swift; path = SSHProjectUITests.swift; sourceTree = "<group>"; };
		6AA3F4BC2268F16F00021CE2 /* Info.plist */ = {isa = PBXFileReference; lastKnownFileType = text.plist.xml; path = Info.plist; sourceTree = "<group>"; };
		77DDE3EAF7250810C08A05C3 /* Pods_SSHProjectTests.framework */ = {isa = PBXFileReference; explicitFileType = wrapper.framework; includeInIndex = 0; path = Pods_SSHProjectTests.framework; sourceTree = BUILT_PRODUCTS_DIR; };
		956909E157CAEF400E97D92B /* Pods-SSHProjectUITests.debug.xcconfig */ = {isa = PBXFileReference; includeInIndex = 1; lastKnownFileType = text.xcconfig; name = "Pods-SSHProjectUITests.debug.xcconfig"; path = "Target Support Files/Pods-SSHProjectUITests/Pods-SSHProjectUITests.debug.xcconfig"; sourceTree = "<group>"; };
		CEF0D84360626439429C224B /* Pods-SSHProject.release.xcconfig */ = {isa = PBXFileReference; includeInIndex = 1; lastKnownFileType = text.xcconfig; name = "Pods-SSHProject.release.xcconfig"; path = "Target Support Files/Pods-SSHProject/Pods-SSHProject.release.xcconfig"; sourceTree = "<group>"; };
		D613438D438636F884715122 /* Pods-SSHProject.debug.xcconfig */ = {isa = PBXFileReference; includeInIndex = 1; lastKnownFileType = text.xcconfig; name = "Pods-SSHProject.debug.xcconfig"; path = "Target Support Files/Pods-SSHProject/Pods-SSHProject.debug.xcconfig"; sourceTree = "<group>"; };
		F05E2D2B7E96C01B1A6BD2D5 /* Pods_SSHProjectUITests.framework */ = {isa = PBXFileReference; explicitFileType = wrapper.framework; includeInIndex = 0; path = Pods_SSHProjectUITests.framework; sourceTree = BUILT_PRODUCTS_DIR; };
/* End PBXFileReference section */

/* Begin PBXFrameworksBuildPhase section */
		6AA3F4942268F16D00021CE2 /* Frameworks */ = {
			isa = PBXFrameworksBuildPhase;
			buildActionMask = 2147483647;
			files = (
				B5DFA46ABD7234841A610C98 /* Pods_SSHProject.framework in Frameworks */,
			);
			runOnlyForDeploymentPostprocessing = 0;
		};
		6AA3F4A82268F16F00021CE2 /* Frameworks */ = {
			isa = PBXFrameworksBuildPhase;
			buildActionMask = 2147483647;
			files = (
				42FBD1B600E590CEBA675EAD /* Pods_SSHProjectTests.framework in Frameworks */,
			);
			runOnlyForDeploymentPostprocessing = 0;
		};
		6AA3F4B32268F16F00021CE2 /* Frameworks */ = {
			isa = PBXFrameworksBuildPhase;
			buildActionMask = 2147483647;
			files = (
				BBDC9D32F5137AA3A32D4CE0 /* Pods_SSHProjectUITests.framework in Frameworks */,
			);
			runOnlyForDeploymentPostprocessing = 0;
		};
/* End PBXFrameworksBuildPhase section */

/* Begin PBXGroup section */
		38AC880B792CCF31DCC2C53D /* Pods */ = {
			isa = PBXGroup;
			children = (
				D613438D438636F884715122 /* Pods-SSHProject.debug.xcconfig */,
				CEF0D84360626439429C224B /* Pods-SSHProject.release.xcconfig */,
				5576247D4D64A0482C0B39A5 /* Pods-SSHProjectTests.debug.xcconfig */,
				44EC1DAC036747FCC3A11B21 /* Pods-SSHProjectTests.release.xcconfig */,
				956909E157CAEF400E97D92B /* Pods-SSHProjectUITests.debug.xcconfig */,
				15332DC91E315851518BD0F5 /* Pods-SSHProjectUITests.release.xcconfig */,
			);
			path = Pods;
			sourceTree = "<group>";
		};
		6AA3F48E2268F16D00021CE2 = {
			isa = PBXGroup;
			children = (
				6AA3F4992268F16D00021CE2 /* SSHProject */,
				6AA3F4AE2268F16F00021CE2 /* SSHProjectTests */,
				6AA3F4B92268F16F00021CE2 /* SSHProjectUITests */,
				6AA3F4982268F16D00021CE2 /* Products */,
				38AC880B792CCF31DCC2C53D /* Pods */,
				8BBC49DC108336256E29E313 /* Frameworks */,
			);
			sourceTree = "<group>";
		};
		6AA3F4982268F16D00021CE2 /* Products */ = {
			isa = PBXGroup;
			children = (
				6AA3F4972268F16D00021CE2 /* SSHProject.app */,
				6AA3F4AB2268F16F00021CE2 /* SSHProjectTests.xctest */,
				6AA3F4B62268F16F00021CE2 /* SSHProjectUITests.xctest */,
			);
			name = Products;
			sourceTree = "<group>";
		};
		6AA3F4992268F16D00021CE2 /* SSHProject */ = {
			isa = PBXGroup;
			children = (
				6AA3F49A2268F16D00021CE2 /* AppDelegate.swift */,
				6AA3F49C2268F16D00021CE2 /* ViewController.swift */,
				6AA3F49E2268F16D00021CE2 /* Main.storyboard */,
				6AA3F4A12268F16E00021CE2 /* Assets.xcassets */,
				6AA3F4A32268F16E00021CE2 /* LaunchScreen.storyboard */,
				6AA3F4A62268F16E00021CE2 /* Info.plist */,
			);
			path = SSHProject;
			sourceTree = "<group>";
		};
		6AA3F4AE2268F16F00021CE2 /* SSHProjectTests */ = {
			isa = PBXGroup;
			children = (
				6AA3F4AF2268F16F00021CE2 /* SSHProjectTests.swift */,
				6AA3F4B12268F16F00021CE2 /* Info.plist */,
			);
			path = SSHProjectTests;
			sourceTree = "<group>";
		};
		6AA3F4B92268F16F00021CE2 /* SSHProjectUITests */ = {
			isa = PBXGroup;
			children = (
				6AA3F4BA2268F16F00021CE2 /* SSHProjectUITests.swift */,
				6AA3F4BC2268F16F00021CE2 /* Info.plist */,
			);
			path = SSHProjectUITests;
			sourceTree = "<group>";
		};
		8BBC49DC108336256E29E313 /* Frameworks */ = {
			isa = PBXGroup;
			children = (
				2FF5CB8F59B4630BE899C6D5 /* Pods_SSHProject.framework */,
				77DDE3EAF7250810C08A05C3 /* Pods_SSHProjectTests.framework */,
				F05E2D2B7E96C01B1A6BD2D5 /* Pods_SSHProjectUITests.framework */,
			);
			name = Frameworks;
			sourceTree = "<group>";
		};
/* End PBXGroup section */

/* Begin PBXNativeTarget section */
		6AA3F4962268F16D00021CE2 /* SSHProject */ = {
			isa = PBXNativeTarget;
			buildConfigurationList = 6AA3F4BF2268F16F00021CE2 /* Build configuration list for PBXNativeTarget "SSHProject" */;
			buildPhases = (
				B7DB05CD43A66C4A3D80DAE6 /* [CP] Check Pods Manifest.lock */,
				6AA3F4932268F16D00021CE2 /* Sources */,
				6AA3F4942268F16D00021CE2 /* Frameworks */,
				6AA3F4952268F16D00021CE2 /* Resources */,
				15A1E6811E392ABBBA1B7FC3 /* [CP] Embed Pods Frameworks */,
			);
			buildRules = (
			);
			dependencies = (
			);
			name = SSHProject;
			productName = SSHProject;
			productReference = 6AA3F4972268F16D00021CE2 /* SSHProject.app */;
			productType = "com.apple.product-type.application";
		};
		6AA3F4AA2268F16F00021CE2 /* SSHProjectTests */ = {
			isa = PBXNativeTarget;
			buildConfigurationList = 6AA3F4C22268F16F00021CE2 /* Build configuration list for PBXNativeTarget "SSHProjectTests" */;
			buildPhases = (
				0B5458682929383EBEE197CE /* [CP] Check Pods Manifest.lock */,
				6AA3F4A72268F16F00021CE2 /* Sources */,
				6AA3F4A82268F16F00021CE2 /* Frameworks */,
				6AA3F4A92268F16F00021CE2 /* Resources */,
			);
			buildRules = (
			);
			dependencies = (
				6AA3F4AD2268F16F00021CE2 /* PBXTargetDependency */,
			);
			name = SSHProjectTests;
			productName = SSHProjectTests;
			productReference = 6AA3F4AB2268F16F00021CE2 /* SSHProjectTests.xctest */;
			productType = "com.apple.product-type.bundle.unit-test";
		};
		6AA3F4B52268F16F00021CE2 /* SSHProjectUITests */ = {
			isa = PBXNativeTarget;
			buildConfigurationList = 6AA3F4C52268F16F00021CE2 /* Build configuration list for PBXNativeTarget "SSHProjectUITests" */;
			buildPhases = (
				955960489A82F7C1FC74C6C9 /* [CP] Check Pods Manifest.lock */,
				6AA3F4B22268F16F00021CE2 /* Sources */,
				6AA3F4B32268F16F00021CE2 /* Frameworks */,
				6AA3F4B42268F16F00021CE2 /* Resources */,
			);
			buildRules = (
			);
			dependencies = (
				6AA3F4B82268F16F00021CE2 /* PBXTargetDependency */,
			);
			name = SSHProjectUITests;
			productName = SSHProjectUITests;
			productReference = 6AA3F4B62268F16F00021CE2 /* SSHProjectUITests.xctest */;
			productType = "com.apple.product-type.bundle.ui-testing";
		};
/* End PBXNativeTarget section */

/* Begin PBXProject section */
		6AA3F48F2268F16D00021CE2 /* Project object */ = {
			isa = PBXProject;
			attributes = {
				LastSwiftUpdateCheck = 1010;
				LastUpgradeCheck = 1010;
				ORGANIZATIONNAME = SSH;
				TargetAttributes = {
					6AA3F4962268F16D00021CE2 = {
						CreatedOnToolsVersion = 10.1;
					};
					6AA3F4AA2268F16F00021CE2 = {
						CreatedOnToolsVersion = 10.1;
						TestTargetID = 6AA3F4962268F16D00021CE2;
					};
					6AA3F4B52268F16F00021CE2 = {
						CreatedOnToolsVersion = 10.1;
						TestTargetID = 6AA3F4962268F16D00021CE2;
					};
				};
			};
			buildConfigurationList = 6AA3F4922268F16D00021CE2 /* Build configuration list for PBXProject "SSHProject" */;
			compatibilityVersion = "Xcode 9.3";
			developmentRegion = en;
			hasScannedForEncodings = 0;
			knownRegions = (
				en,
				Base,
			);
			mainGroup = 6AA3F48E2268F16D00021CE2;
			productRefGroup = 6AA3F4982268F16D00021CE2 /* Products */;
			projectDirPath = "";
			projectRoot = "";
			targets = (
				6AA3F4962268F16D00021CE2 /* SSHProject */,
				6AA3F4AA2268F16F00021CE2 /* SSHProjectTests */,
				6AA3F4B52268F16F00021CE2 /* SSHProjectUITests */,
			);
		};
/* End PBXProject section */

/* Begin PBXResourcesBuildPhase section */
		6AA3F4952268F16D00021CE2 /* Resources */ = {
			isa = PBXResourcesBuildPhase;
			buildActionMask = 2147483647;
			files = (
				6AA3F4A52268F16E00021CE2 /* LaunchScreen.storyboard in Resources */,
				6AA3F4A22268F16E00021CE2 /* Assets.xcassets in Resources */,
				6AA3F4A02268F16D00021CE2 /* Main.storyboard in Resources */,
			);
			runOnlyForDeploymentPostprocessing = 0;
		};
		6AA3F4A92268F16F00021CE2 /* Resources */ = {
			isa = PBXResourcesBuildPhase;
			buildActionMask = 2147483647;
			files = (
			);
			runOnlyForDeploymentPostprocessing = 0;
		};
		6AA3F4B42268F16F00021CE2 /* Resources */ = {
			isa = PBXResourcesBuildPhase;
			buildActionMask = 2147483647;
			files = (
			);
			runOnlyForDeploymentPostprocessing = 0;
		};
/* End PBXResourcesBuildPhase section */

/* Begin PBXShellScriptBuildPhase section */
		0B5458682929383EBEE197CE /* [CP] Check Pods Manifest.lock */ = {
			isa = PBXShellScriptBuildPhase;
			buildActionMask = 2147483647;
			files = (
			);
			inputFileListPaths = (
			);
			inputPaths = (
				"${PODS_PODFILE_DIR_PATH}/Podfile.lock",
				"${PODS_ROOT}/Manifest.lock",
			);
			name = "[CP] Check Pods Manifest.lock";
			outputFileListPaths = (
			);
			outputPaths = (
				"$(DERIVED_FILE_DIR)/Pods-SSHProjectTests-checkManifestLockResult.txt",
			);
			runOnlyForDeploymentPostprocessing = 0;
			shellPath = /bin/sh;
			shellScript = "diff \"${PODS_PODFILE_DIR_PATH}/Podfile.lock\" \"${PODS_ROOT}/Manifest.lock\" > /dev/null\nif [ $? != 0 ] ; then\n    # print error to STDERR\n    echo \"error: The sandbox is not in sync with the Podfile.lock. Run 'pod install' or update your CocoaPods installation.\" >&2\n    exit 1\nfi\n# This output is used by Xcode 'outputs' to avoid re-running this script phase.\necho \"SUCCESS\" > \"${SCRIPT_OUTPUT_FILE_0}\"\n";
			showEnvVarsInLog = 0;
		};
		15A1E6811E392ABBBA1B7FC3 /* [CP] Embed Pods Frameworks */ = {
			isa = PBXShellScriptBuildPhase;
			buildActionMask = 2147483647;
			files = (
			);
			inputFileListPaths = (
			);
			inputPaths = (
				"${PODS_ROOT}/Target Support Files/Pods-SSHProject/Pods-SSHProject-frameworks.sh",
				"${BUILT_PRODUCTS_DIR}/AFNetworking/AFNetworking.framework",
			);
			name = "[CP] Embed Pods Frameworks";
			outputFileListPaths = (
			);
			outputPaths = (
				"${TARGET_BUILD_DIR}/${FRAMEWORKS_FOLDER_PATH}/AFNetworking.framework",
			);
			runOnlyForDeploymentPostprocessing = 0;
			shellPath = /bin/sh;
			shellScript = "\"${PODS_ROOT}/Target Support Files/Pods-SSHProject/Pods-SSHProject-frameworks.sh\"\n";
			showEnvVarsInLog = 0;
		};
		955960489A82F7C1FC74C6C9 /* [CP] Check Pods Manifest.lock */ = {
			isa = PBXShellScriptBuildPhase;
			buildActionMask = 2147483647;
			files = (
			);
			inputFileListPaths = (
			);
			inputPaths = (
				"${PODS_PODFILE_DIR_PATH}/Podfile.lock",
				"${PODS_ROOT}/Manifest.lock",
			);
			name = "[CP] Check Pods Manifest.lock";
			outputFileListPaths = (
			);
			outputPaths = (
				"$(DERIVED_FILE_DIR)/Pods-SSHProjectUITests-checkManifestLockResult.txt",
			);
			runOnlyForDeploymentPostprocessing = 0;
			shellPath = /bin/sh;
			shellScript = "diff \"${PODS_PODFILE_DIR_PATH}/Podfile.lock\" \"${PODS_ROOT}/Manifest.lock\" > /dev/null\nif [ $? != 0 ] ; then\n    # print error to STDERR\n    echo \"error: The sandbox is not in sync with the Podfile.lock. Run 'pod install' or update your CocoaPods installation.\" >&2\n    exit 1\nfi\n# This output is used by Xcode 'outputs' to avoid re-running this script phase.\necho \"SUCCESS\" > \"${SCRIPT_OUTPUT_FILE_0}\"\n";
			showEnvVarsInLog = 0;
		};
		B7DB05CD43A66C4A3D80DAE6 /* [CP] Check Pods Manifest.lock */ = {
			isa = PBXShellScriptBuildPhase;
			buildActionMask = 2147483647;
			files = (
			);
			inputFileListPaths = (
			);
			inputPaths = (
				"${PODS_PODFILE_DIR_PATH}/Podfile.lock",
				"${PODS_ROOT}/Manifest.lock",
			);
			name = "[CP] Check Pods Manifest.lock";
			outputFileListPaths = (
			);
			outputPaths = (
				"$(DERIVED_FILE_DIR)/Pods-SSHProject-checkManifestLockResult.txt",
			);
			runOnlyForDeploymentPostprocessing = 0;
			shellPath = /bin/sh;
			shellScript = "diff \"${PODS_PODFILE_DIR_PATH}/Podfile.lock\" \"${PODS_ROOT}/Manifest.lock\" > /dev/null\nif [ $? != 0 ] ; then\n    # print error to STDERR\n    echo \"error: The sandbox is not in sync with the Podfile.lock. Run 'pod install' or update your CocoaPods installation.\" >&2\n    exit 1\nfi\n# This output is used by Xcode 'outputs' to avoid re-running this script phase.\necho \"SUCCESS\" > \"${SCRIPT_OUTPUT_FILE_0}\"\n";
			showEnvVarsInLog = 0;
		};
/* End PBXShellScriptBuildPhase section */

/* Begin PBXSourcesBuildPhase section */
		6AA3F4932268F16D00021CE2 /* Sources */ = {
			isa = PBXSourcesBuildPhase;
			buildActionMask = 2147483647;
			files = (
				6AA3F49D2268F16D00021CE2 /* ViewController.swift in Sources */,
				6AA3F49B2268F16D00021CE2 /* AppDelegate.swift in Sources */,
			);
			runOnlyForDeploymentPostprocessing = 0;
		};
		6AA3F4A72268F16F00021CE2 /* Sources */ = {
			isa = PBXSourcesBuildPhase;
			buildActionMask = 2147483647;
			files = (
				6AA3F4B02268F16F00021CE2 /* SSHProjectTests.swift in Sources */,
			);
			runOnlyForDeploymentPostprocessing = 0;
		};
		6AA3F4B22268F16F00021CE2 /* Sources */ = {
			isa = PBXSourcesBuildPhase;
			buildActionMask = 2147483647;
			files = (
				6AA3F4BB2268F16F00021CE2 /* SSHProjectUITests.swift in Sources */,
			);
			runOnlyForDeploymentPostprocessing = 0;
		};
/* End PBXSourcesBuildPhase section */

/* Begin PBXTargetDependency section */
		6AA3F4AD2268F16F00021CE2 /* PBXTargetDependency */ = {
			isa = PBXTargetDependency;
			target = 6AA3F4962268F16D00021CE2 /* SSHProject */;
			targetProxy = 6AA3F4AC2268F16F00021CE2 /* PBXContainerItemProxy */;
		};
		6AA3F4B82268F16F00021CE2 /* PBXTargetDependency */ = {
			isa = PBXTargetDependency;
			target = 6AA3F4962268F16D00021CE2 /* SSHProject */;
			targetProxy = 6AA3F4B72268F16F00021CE2 /* PBXContainerItemProxy */;
		};
/* End PBXTargetDependency section */

/* Begin PBXVariantGroup section */
		6AA3F49E2268F16D00021CE2 /* Main.storyboard */ = {
			isa = PBXVariantGroup;
			children = (
				6AA3F49F2268F16D00021CE2 /* Base */,
			);
			name = Main.storyboard;
			sourceTree = "<group>";
		};
		6AA3F4A32268F16E00021CE2 /* LaunchScreen.storyboard */ = {
			isa = PBXVariantGroup;
			children = (
				6AA3F4A42268F16E00021CE2 /* Base */,
			);
			name = LaunchScreen.storyboard;
			sourceTree = "<group>";
		};
/* End PBXVariantGroup section */

/* Begin XCBuildConfiguration section */
		6AA3F4BD2268F16F00021CE2 /* Debug */ = {
			isa = XCBuildConfiguration;
			buildSettings = {
				ALWAYS_SEARCH_USER_PATHS = NO;
				CLANG_ANALYZER_NONNULL = YES;
				CLANG_ANALYZER_NUMBER_OBJECT_CONVERSION = YES_AGGRESSIVE;
				CLANG_CXX_LANGUAGE_STANDARD = "gnu++14";
				CLANG_CXX_LIBRARY = "libc++";
				CLANG_ENABLE_MODULES = YES;
				CLANG_ENABLE_OBJC_ARC = YES;
				CLANG_ENABLE_OBJC_WEAK = YES;
				CLANG_WARN_BLOCK_CAPTURE_AUTORELEASING = YES;
				CLANG_WARN_BOOL_CONVERSION = YES;
				CLANG_WARN_COMMA = YES;
				CLANG_WARN_CONSTANT_CONVERSION = YES;
				CLANG_WARN_DEPRECATED_OBJC_IMPLEMENTATIONS = YES;
				CLANG_WARN_DIRECT_OBJC_ISA_USAGE = YES_ERROR;
				CLANG_WARN_DOCUMENTATION_COMMENTS = YES;
				CLANG_WARN_EMPTY_BODY = YES;
				CLANG_WARN_ENUM_CONVERSION = YES;
				CLANG_WARN_INFINITE_RECURSION = YES;
				CLANG_WARN_INT_CONVERSION = YES;
				CLANG_WARN_NON_LITERAL_NULL_CONVERSION = YES;
				CLANG_WARN_OBJC_IMPLICIT_RETAIN_SELF = YES;
				CLANG_WARN_OBJC_LITERAL_CONVERSION = YES;
				CLANG_WARN_OBJC_ROOT_CLASS = YES_ERROR;
				CLANG_WARN_RANGE_LOOP_ANALYSIS = YES;
				CLANG_WARN_STRICT_PROTOTYPES = YES;
				CLANG_WARN_SUSPICIOUS_MOVE = YES;
				CLANG_WARN_UNGUARDED_AVAILABILITY = YES_AGGRESSIVE;
				CLANG_WARN_UNREACHABLE_CODE = YES;
				CLANG_WARN__DUPLICATE_METHOD_MATCH = YES;
				CODE_SIGN_IDENTITY = "iPhone Developer";
				COPY_PHASE_STRIP = NO;
				DEBUG_INFORMATION_FORMAT = dwarf;
				ENABLE_STRICT_OBJC_MSGSEND = YES;
				ENABLE_TESTABILITY = YES;
				GCC_C_LANGUAGE_STANDARD = gnu11;
				GCC_DYNAMIC_NO_PIC = NO;
				GCC_NO_COMMON_BLOCKS = YES;
				GCC_OPTIMIZATION_LEVEL = 0;
				GCC_PREPROCESSOR_DEFINITIONS = (
					"DEBUG=1",
					"$(inherited)",
				);
				GCC_WARN_64_TO_32_BIT_CONVERSION = YES;
				GCC_WARN_ABOUT_RETURN_TYPE = YES_ERROR;
				GCC_WARN_UNDECLARED_SELECTOR = YES;
				GCC_WARN_UNINITIALIZED_AUTOS = YES_AGGRESSIVE;
				GCC_WARN_UNUSED_FUNCTION = YES;
				GCC_WARN_UNUSED_VARIABLE = YES;
				IPHONEOS_DEPLOYMENT_TARGET = 12.1;
				MTL_ENABLE_DEBUG_INFO = INCLUDE_SOURCE;
				MTL_FAST_MATH = YES;
				ONLY_ACTIVE_ARCH = YES;
				SDKROOT = iphoneos;
				SWIFT_ACTIVE_COMPILATION_CONDITIONS = DEBUG;
				SWIFT_OPTIMIZATION_LEVEL = "-Onone";
			};
			name = Debug;
		};
		6AA3F4BE2268F16F00021CE2 /* Release */ = {
			isa = XCBuildConfiguration;
			buildSettings = {
				ALWAYS_SEARCH_USER_PATHS = NO;
				CLANG_ANALYZER_NONNULL = YES;
				CLANG_ANALYZER_NUMBER_OBJECT_CONVERSION = YES_AGGRESSIVE;
				CLANG_CXX_LANGUAGE_STANDARD = "gnu++14";
				CLANG_CXX_LIBRARY = "libc++";
				CLANG_ENABLE_MODULES = YES;
				CLANG_ENABLE_OBJC_ARC = YES;
				CLANG_ENABLE_OBJC_WEAK = YES;
				CLANG_WARN_BLOCK_CAPTURE_AUTORELEASING = YES;
				CLANG_WARN_BOOL_CONVERSION = YES;
				CLANG_WARN_COMMA = YES;
				CLANG_WARN_CONSTANT_CONVERSION = YES;
				CLANG_WARN_DEPRECATED_OBJC_IMPLEMENTATIONS = YES;
				CLANG_WARN_DIRECT_OBJC_ISA_USAGE = YES_ERROR;
				CLANG_WARN_DOCUMENTATION_COMMENTS = YES;
				CLANG_WARN_EMPTY_BODY = YES;
				CLANG_WARN_ENUM_CONVERSION = YES;
				CLANG_WARN_INFINITE_RECURSION = YES;
				CLANG_WARN_INT_CONVERSION = YES;
				CLANG_WARN_NON_LITERAL_NULL_CONVERSION = YES;
				CLANG_WARN_OBJC_IMPLICIT_RETAIN_SELF = YES;
				CLANG_WARN_OBJC_LITERAL_CONVERSION = YES;
				CLANG_WARN_OBJC_ROOT_CLASS = YES_ERROR;
				CLANG_WARN_RANGE_LOOP_ANALYSIS = YES;
				CLANG_WARN_STRICT_PROTOTYPES = YES;
				CLANG_WARN_SUSPICIOUS_MOVE = YES;
				CLANG_WARN_UNGUARDED_AVAILABILITY = YES_AGGRESSIVE;
				CLANG_WARN_UNREACHABLE_CODE = YES;
				CLANG_WARN__DUPLICATE_METHOD_MATCH = YES;
				CODE_SIGN_IDENTITY = "iPhone Developer";
				COPY_PHASE_STRIP = NO;
				DEBUG_INFORMATION_FORMAT = "dwarf-with-dsym";
				ENABLE_NS_ASSERTIONS = NO;
				ENABLE_STRICT_OBJC_MSGSEND = YES;
				GCC_C_LANGUAGE_STANDARD = gnu11;
				GCC_NO_COMMON_BLOCKS = YES;
				GCC_WARN_64_TO_32_BIT_CONVERSION = YES;
				GCC_WARN_ABOUT_RETURN_TYPE = YES_ERROR;
				GCC_WARN_UNDECLARED_SELECTOR = YES;
				GCC_WARN_UNINITIALIZED_AUTOS = YES_AGGRESSIVE;
				GCC_WARN_UNUSED_FUNCTION = YES;
				GCC_WARN_UNUSED_VARIABLE = YES;
				IPHONEOS_DEPLOYMENT_TARGET = 12.1;
				MTL_ENABLE_DEBUG_INFO = NO;
				MTL_FAST_MATH = YES;
				SDKROOT = iphoneos;
				SWIFT_COMPILATION_MODE = wholemodule;
				SWIFT_OPTIMIZATION_LEVEL = "-O";
				VALIDATE_PRODUCT = YES;
			};
			name = Release;
		};
		6AA3F4C02268F16F00021CE2 /* Debug */ = {
			isa = XCBuildConfiguration;
			baseConfigurationReference = D613438D438636F884715122 /* Pods-SSHProject.debug.xcconfig */;
			buildSettings = {
				ASSETCATALOG_COMPILER_APPICON_NAME = AppIcon;
				CODE_SIGN_IDENTITY = "iPhone Developer";
				CODE_SIGN_STYLE = Automatic;
				DEVELOPMENT_TEAM = "";
				INFOPLIST_FILE = SSHProject/Info.plist;
				LD_RUNPATH_SEARCH_PATHS = (
					"$(inherited)",
					"@executable_path/Frameworks",
				);
				PRODUCT_BUNDLE_IDENTIFIER = SSHProject.SSHProject;
				PRODUCT_NAME = "$(TARGET_NAME)";
				PROVISIONING_PROFILE_SPECIFIER = "";
				SWIFT_VERSION = 4.2;
				TARGETED_DEVICE_FAMILY = "1,2";
			};
			name = Debug;
		};
		6AA3F4C12268F16F00021CE2 /* Release */ = {
			isa = XCBuildConfiguration;
			baseConfigurationReference = CEF0D84360626439429C224B /* Pods-SSHProject.release.xcconfig */;
			buildSettings = {
				ASSETCATALOG_COMPILER_APPICON_NAME = AppIcon;
				CODE_SIGN_IDENTITY = "iPhone Developer";
				CODE_SIGN_STYLE = Automatic;
				DEVELOPMENT_TEAM = "";
				INFOPLIST_FILE = SSHProject/Info.plist;
				LD_RUNPATH_SEARCH_PATHS = (
					"$(inherited)",
					"@executable_path/Frameworks",
				);
				PRODUCT_BUNDLE_IDENTIFIER = SSHProject.SSHProject;
				PRODUCT_NAME = "$(TARGET_NAME)";
				PROVISIONING_PROFILE_SPECIFIER = "";
				SWIFT_VERSION = 4.2;
				TARGETED_DEVICE_FAMILY = "1,2";
			};
			name = Release;
		};
		6AA3F4C32268F16F00021CE2 /* Debug */ = {
			isa = XCBuildConfiguration;
			baseConfigurationReference = 5576247D4D64A0482C0B39A5 /* Pods-SSHProjectTests.debug.xcconfig */;
			buildSettings = {
				ALWAYS_EMBED_SWIFT_STANDARD_LIBRARIES = YES;
				BUNDLE_LOADER = "$(TEST_HOST)";
				CODE_SIGN_IDENTITY = "iPhone Developer";
				CODE_SIGN_STYLE = Automatic;
				DEVELOPMENT_TEAM = "";
				INFOPLIST_FILE = SSHProjectTests/Info.plist;
				LD_RUNPATH_SEARCH_PATHS = (
					"$(inherited)",
					"@executable_path/Frameworks",
					"@loader_path/Frameworks",
				);
				PRODUCT_BUNDLE_IDENTIFIER = SSHProject.SSHProjectTests;
				PRODUCT_NAME = "$(TARGET_NAME)";
				PROVISIONING_PROFILE_SPECIFIER = "";
				SWIFT_VERSION = 4.2;
				TARGETED_DEVICE_FAMILY = "1,2";
				TEST_HOST = "$(BUILT_PRODUCTS_DIR)/SSHProject.app/SSHProject";
			};
			name = Debug;
		};
		6AA3F4C42268F16F00021CE2 /* Release */ = {
			isa = XCBuildConfiguration;
			baseConfigurationReference = 44EC1DAC036747FCC3A11B21 /* Pods-SSHProjectTests.release.xcconfig */;
			buildSettings = {
				ALWAYS_EMBED_SWIFT_STANDARD_LIBRARIES = YES;
				BUNDLE_LOADER = "$(TEST_HOST)";
				CODE_SIGN_IDENTITY = "iPhone Developer";
				CODE_SIGN_STYLE = Automatic;
				DEVELOPMENT_TEAM = "";
				INFOPLIST_FILE = SSHProjectTests/Info.plist;
				LD_RUNPATH_SEARCH_PATHS = (
					"$(inherited)",
					"@executable_path/Frameworks",
					"@loader_path/Frameworks",
				);
				PRODUCT_BUNDLE_IDENTIFIER = SSHProject.SSHProjectTests;
				PRODUCT_NAME = "$(TARGET_NAME)";
				PROVISIONING_PROFILE_SPECIFIER = "";
				SWIFT_VERSION = 4.2;
				TARGETED_DEVICE_FAMILY = "1,2";
				TEST_HOST = "$(BUILT_PRODUCTS_DIR)/SSHProject.app/SSHProject";
			};
			name = Release;
		};
		6AA3F4C62268F16F00021CE2 /* Debug */ = {
			isa = XCBuildConfiguration;
			baseConfigurationReference = 956909E157CAEF400E97D92B /* Pods-SSHProjectUITests.debug.xcconfig */;
			buildSettings = {
				ALWAYS_EMBED_SWIFT_STANDARD_LIBRARIES = YES;
				CODE_SIGN_IDENTITY = "iPhone Developer";
				CODE_SIGN_STYLE = Automatic;
				DEVELOPMENT_TEAM = "";
				INFOPLIST_FILE = SSHProjectUITests/Info.plist;
				LD_RUNPATH_SEARCH_PATHS = (
					"$(inherited)",
					"@executable_path/Frameworks",
					"@loader_path/Frameworks",
				);
				PRODUCT_BUNDLE_IDENTIFIER = SSHProject.SSHProjectUITests;
				PRODUCT_NAME = "$(TARGET_NAME)";
				PROVISIONING_PROFILE_SPECIFIER = "";
				SWIFT_VERSION = 4.2;
				TARGETED_DEVICE_FAMILY = "1,2";
				TEST_TARGET_NAME = SSHProject;
			};
			name = Debug;
		};
		6AA3F4C72268F16F00021CE2 /* Release */ = {
			isa = XCBuildConfiguration;
			baseConfigurationReference = 15332DC91E315851518BD0F5 /* Pods-SSHProjectUITests.release.xcconfig */;
			buildSettings = {
				ALWAYS_EMBED_SWIFT_STANDARD_LIBRARIES = YES;
				CODE_SIGN_IDENTITY = "iPhone Developer";
				CODE_SIGN_STYLE = Automatic;
				DEVELOPMENT_TEAM = "";
				INFOPLIST_FILE = SSHProjectUITests/Info.plist;
				LD_RUNPATH_SEARCH_PATHS = (
					"$(inherited)",
					"@executable_path/Frameworks",
					"@loader_path/Frameworks",
				);
				PRODUCT_BUNDLE_IDENTIFIER = SSHProject.SSHProjectUITests;
				PRODUCT_NAME = "$(TARGET_NAME)";
				PROVISIONING_PROFILE_SPECIFIER = "";
				SWIFT_VERSION = 4.2;
				TARGETED_DEVICE_FAMILY = "1,2";
				TEST_TARGET_NAME = SSHProject;
			};
			name = Release;
		};
/* End XCBuildConfiguration section */

/* Begin XCConfigurationList section */
		6AA3F4922268F16D00021CE2 /* Build configuration list for PBXProject "SSHProject" */ = {
			isa = XCConfigurationList;
			buildConfigurations = (
				6AA3F4BD2268F16F00021CE2 /* Debug */,
				6AA3F4BE2268F16F00021CE2 /* Release */,
			);
			defaultConfigurationIsVisible = 0;
			defaultConfigurationName = Release;
		};
		6AA3F4BF2268F16F00021CE2 /* Build configuration list for PBXNativeTarget "SSHProject" */ = {
			isa = XCConfigurationList;
			buildConfigurations = (
				6AA3F4C02268F16F00021CE2 /* Debug */,
				6AA3F4C12268F16F00021CE2 /* Release */,
			);
			defaultConfigurationIsVisible = 0;
			defaultConfigurationName = Release;
		};
		6AA3F4C22268F16F00021CE2 /* Build configuration list for PBXNativeTarget "SSHProjectTests" */ = {
			isa = XCConfigurationList;
			buildConfigurations = (
				6AA3F4C32268F16F00021CE2 /* Debug */,
				6AA3F4C42268F16F00021CE2 /* Release */,
			);
			defaultConfigurationIsVisible = 0;
			defaultConfigurationName = Release;
		};
		6AA3F4C52268F16F00021CE2 /* Build configuration list for PBXNativeTarget "SSHProjectUITests" */ = {
			isa = XCConfigurationList;
			buildConfigurations = (
				6AA3F4C62268F16F00021CE2 /* Debug */,
				6AA3F4C72268F16F00021CE2 /* Release */,
			);
			defaultConfigurationIsVisible = 0;
			defaultConfigurationName = Release;
		};
/* End XCConfigurationList section */
	};
	rootObject = 6AA3F48F2268F16D00021CE2 /* Project object */;
}
